{
  "name": "nodejs-api-users",
  "version": "1.0.0",
  "lockfileVersion": 1,
  "requires": true,
  "dependencies": {
    "countries-list": {
      "version": "2.5.5",
      "resolved": "https://registry.npmjs.org/countries-list/-/countries-list-2.5.5.tgz",
      "integrity": "sha512-FzK1aF50WWNUyrbeOCt+QAUXX/HmnQVJtRwh4GJV7lUmBevbnT+m6+uiGM+M1mC9VvR3plQVAK8d3FxSqQPy8w=="
    }
  }
}
